
Microsoft Visual Studio Solution File, Format Version 12.00
# Visual Studio Version 16
VisualStudioVersion = 16.0.30523.141
MinimumVisualStudioVersion = 10.0.40219.1
Project("{FAE04EC0-301F-11D3-BF4B-00C04F79EFBC}") = "Chat.Server", "Chat\Server\Chat.Server.csproj", "{5602BEA0-0C1E-4395-9A2F-C713D2580D4E}"
EndProject
Project("{FAE04EC0-301F-11D3-BF4B-00C04F79EFBC}") = "Chat.Client", "Chat\Client\Chat.Client.csproj", "{529B9D96-62C9-4EA8-87C3-FE3C2E898BB3}"
EndProject
Global
	GlobalSection(SolutionConfigurationPlatforms) = preSolution
		Debug|Any CPU = Debug|Any CPU
		Release|Any CPU = Release|Any CPU
	EndGlobalSection
	GlobalSection(ProjectConfigurationPlatforms) = postSolution
		{5602BEA0-0C1E-4395-9A2F-C713D2580D4E}.Debug|Any CPU.ActiveCfg = Debug|Any CPU
		{5602BEA0-0C1E-4395-9A2F-C713D2580D4E}.Debug|Any CPU.Build.0 = Debug|Any CPU
		{5602BEA0-0C1E-4395-9A2F-C713D2580D4E}.Release|Any CPU.ActiveCfg = Release|Any CPU
		{5602BEA0-0C1E-4395-9A2F-C713D2580D4E}.Release|Any CPU.Build.0 = Release|Any CPU
		{529B9D96-62C9-4EA8-87C3-FE3C2E898BB3}.Debug|Any CPU.ActiveCfg = Debug|Any CPU
		{529B9D96-62C9-4EA8-87C3-FE3C2E898BB3}.Debug|Any CPU.Build.0 = Debug|Any CPU
		{529B9D96-62C9-4EA8-87C3-FE3C2E898BB3}.Release|Any CPU.ActiveCfg = Release|Any CPU
		{529B9D96-62C9-4EA8-87C3-FE3C2E898BB3}.Release|Any CPU.Build.0 = Release|Any CPU
	EndGlobalSection
	GlobalSection(SolutionProperties) = preSolution
		HideSolutionNode = FALSE
	EndGlobalSection
	GlobalSection(ExtensibilityGlobals) = postSolution
		SolutionGuid = {635E2168-B05D-4F41-A27D-21CD68B171FC}
	EndGlobalSection
EndGlobal
